PODS:
  - Capacitor (7.2.0):
    - CapacitorCordova
  - CapacitorCordova (7.2.0)
  - CapacitorPushNotifications (7.0.0):
    - Capacitor
  - CapacitorSplashScreen (7.0.0):
    - Capacitor
  - CapacitorStatusBar (7.0.1):
    - Capacitor

DEPENDENCIES:
  - "Capacitor (from `../../node_modules/@capacitor/ios`)"
  - "CapacitorCordova (from `../../node_modules/@capacitor/ios`)"
  - "CapacitorPushNotifications (from `../../node_modules/@capacitor/push-notifications`)"
  - "CapacitorSplashScreen (from `../../node_modules/@capacitor/splash-screen`)"
  - "CapacitorStatusBar (from `../../node_modules/@capacitor/status-bar`)"

EXTERNAL SOURCES:
  Capacitor:
    :path: "../../node_modules/@capacitor/ios"
  CapacitorCordova:
    :path: "../../node_modules/@capacitor/ios"
  CapacitorPushNotifications:
    :path: "../../node_modules/@capacitor/push-notifications"
  CapacitorSplashScreen:
    :path: "../../node_modules/@capacitor/splash-screen"
  CapacitorStatusBar:
    :path: "../../node_modules/@capacitor/status-bar"

SPEC CHECKSUMS:
  Capacitor: 03bc7cbdde6a629a8b910a9d7d78c3cc7ed09ea7
  CapacitorCordova: 5967b9ba03915ef1d585469d6e31f31dc49be96f
  CapacitorPushNotifications: 2e0132cd2f1a5d696bcbfc3725c2b6ffcb9275d4
  CapacitorSplashScreen: 7e7a0a1113833032f196b3af6fa437baccacf5bc
  CapacitorStatusBar: 6e7af040d8fc4dd655999819625cae9c2d74c36f

PODFILE CHECKSUM: 26b5fe7b0771aba9c3ae2ca345750428a3dc92be

COCOAPODS: 1.16.2
